
Microsoft Visual Studio Solution File, Format Version 12.00
# Visual Studio 14
VisualStudioVersion = 14.0.25420.1
MinimumVisualStudioVersion = 10.0.40219.1
Project("{2150E333-8FDC-42A3-9474-1A3956D46DE8}") = "src", "src", "{B6034D2B-D5FB-4E58-A7C2-2E63C7052A6E}"
	ProjectSection(SolutionItems) = preProject
		NuGet.config = NuGet.config
	EndProjectSection
EndProject
Project("{8BB2217D-0F2D-49D1-97BC-3654ED321F3B}") = "TournamentTracker", "src\TournamentTracker\TournamentTracker.xproj", "{0A644B95-DB31-49C6-843E-D5F63062B0D2}"
EndProject
Global
	GlobalSection(SolutionConfigurationPlatforms) = preSolution
		Debug|Any CPU = Debug|Any CPU
		Release|Any CPU = Release|Any CPU
	EndGlobalSection
	GlobalSection(ProjectConfigurationPlatforms) = postSolution
		{0A644B95-DB31-49C6-843E-D5F63062B0D2}.Debug|Any CPU.ActiveCfg = Debug|Any CPU
		{0A644B95-DB31-49C6-843E-D5F63062B0D2}.Debug|Any CPU.Build.0 = Debug|Any CPU
		{0A644B95-DB31-49C6-843E-D5F63062B0D2}.Release|Any CPU.ActiveCfg = Release|Any CPU
		{0A644B95-DB31-49C6-843E-D5F63062B0D2}.Release|Any CPU.Build.0 = Release|Any CPU
	EndGlobalSection
	GlobalSection(SolutionProperties) = preSolution
		HideSolutionNode = FALSE
	EndGlobalSection
	GlobalSection(NestedProjects) = preSolution
		{0A644B95-DB31-49C6-843E-D5F63062B0D2} = {B6034D2B-D5FB-4E58-A7C2-2E63C7052A6E}
	EndGlobalSection
EndGlobal
